# THIS IS AN AUTOGENERATED FILE. DO NOT EDIT THIS FILE DIRECTLY.
# yarn lockfile v1


lit-element@^2.0.0-rc.5:
  version "2.0.0-rc.5"
  resolved "https://registry.yarnpkg.com/lit-element/-/lit-element-2.0.0-rc.5.tgz#3e4323c9ace59d49c3a0950551a3f923e0ccf86b"
  dependencies:
    lit-html "^1.0.0-rc.2"

lit-html@^1.0.0-rc.2:
  version "1.0.0-rc.2"
  resolved "https://registry.yarnpkg.com/lit-html/-/lit-html-1.0.0-rc.2.tgz#b9c904520fe005d349aa737a86d83645d97d5a89"
